
Microsoft Visual Studio Solution File, Format Version 12.00
# Visual Studio Version 17
VisualStudioVersion = 17.0.32112.339
MinimumVisualStudioVersion = 10.0.40219.1
Project("{FAE04EC0-301F-11D3-BF4B-00C04F79EFBC}") = "FileManager", "FileManager\FileManager.csproj", "{28BB7135-E12B-41E4-83D3-729214AF9AEE}"
EndProject
Global
	GlobalSection(SolutionConfigurationPlatforms) = preSolution
		Debug|Any CPU = Debug|Any CPU
		Release|Any CPU = Release|Any CPU
	EndGlobalSection
	GlobalSection(ProjectConfigurationPlatforms) = postSolution
		{28BB7135-E12B-41E4-83D3-729214AF9AEE}.Debug|Any CPU.ActiveCfg = Debug|Any CPU
		{28BB7135-E12B-41E4-83D3-729214AF9AEE}.Debug|Any CPU.Build.0 = Debug|Any CPU
		{28BB7135-E12B-41E4-83D3-729214AF9AEE}.Release|Any CPU.ActiveCfg = Release|Any CPU
		{28BB7135-E12B-41E4-83D3-729214AF9AEE}.Release|Any CPU.Build.0 = Release|Any CPU
	EndGlobalSection
	GlobalSection(SolutionProperties) = preSolution
		HideSolutionNode = FALSE
	EndGlobalSection
	GlobalSection(ExtensibilityGlobals) = postSolution
		SolutionGuid = {AF7276EB-ADE7-496F-AB8E-65B3C148E33F}
	EndGlobalSection
EndGlobal
